
Microsoft Visual Studio Solution File, Format Version 12.00
# Visual Studio Version 16
VisualStudioVersion = 16.0.29424.173
MinimumVisualStudioVersion = 10.0.40219.1
Project("{FAE04EC0-301F-11D3-BF4B-00C04F79EFBC}") = "MilitaryScheduler", "MilitaryScheduler\MilitaryScheduler.csproj", "{95C248B5-A4B0-4DD5-AD0F-8B7F9AE92158}"
EndProject
Global
	GlobalSection(SolutionConfigurationPlatforms) = preSolution
		Debug|Any CPU = Debug|Any CPU
		Release|Any CPU = Release|Any CPU
	EndGlobalSection
	GlobalSection(ProjectConfigurationPlatforms) = postSolution
		{95C248B5-A4B0-4DD5-AD0F-8B7F9AE92158}.Debug|Any CPU.ActiveCfg = Debug|Any CPU
		{95C248B5-A4B0-4DD5-AD0F-8B7F9AE92158}.Debug|Any CPU.Build.0 = Debug|Any CPU
		{95C248B5-A4B0-4DD5-AD0F-8B7F9AE92158}.Release|Any CPU.ActiveCfg = Release|Any CPU
		{95C248B5-A4B0-4DD5-AD0F-8B7F9AE92158}.Release|Any CPU.Build.0 = Release|Any CPU
	EndGlobalSection
	GlobalSection(SolutionProperties) = preSolution
		HideSolutionNode = FALSE
	EndGlobalSection
	GlobalSection(ExtensibilityGlobals) = postSolution
		SolutionGuid = {163FD6D5-6EF4-4329-8F9A-4F4F9F5EC919}
	EndGlobalSection
EndGlobal
